
Microsoft Visual Studio Solution File, Format Version 12.00
# Visual Studio Version 17
VisualStudioVersion = 17.2.32526.322
MinimumVisualStudioVersion = 10.0.40219.1
Project("{FAE04EC0-301F-11D3-BF4B-00C04F79EFBC}") = "PEN", "PEN.csproj", "{030FEE7F-AAB9-49C7-AB9C-87BEA92064C3}"
EndProject
Global
	GlobalSection(SolutionConfigurationPlatforms) = preSolution
		Debug|Any CPU = Debug|Any CPU
		Release|Any CPU = Release|Any CPU
	EndGlobalSection
	GlobalSection(ProjectConfigurationPlatforms) = postSolution
		{030FEE7F-AAB9-49C7-AB9C-87BEA92064C3}.Debug|Any CPU.ActiveCfg = Debug|Any CPU
		{030FEE7F-AAB9-49C7-AB9C-87BEA92064C3}.Debug|Any CPU.Build.0 = Debug|Any CPU
		{030FEE7F-AAB9-49C7-AB9C-87BEA92064C3}.Release|Any CPU.ActiveCfg = Release|Any CPU
		{030FEE7F-AAB9-49C7-AB9C-87BEA92064C3}.Release|Any CPU.Build.0 = Release|Any CPU
	EndGlobalSection
	GlobalSection(SolutionProperties) = preSolution
		HideSolutionNode = FALSE
	EndGlobalSection
	GlobalSection(ExtensibilityGlobals) = postSolution
		SolutionGuid = {A740F401-AEE5-4A18-8023-F3B88436AF28}
	EndGlobalSection
EndGlobal
